# GENERATED FILE - DO NOT EDIT DIRECTLY
schema_version: 1

bundle:
  version: "0.9.7-dev"
  release_sequence: 0
  source_tree_digest: "sha256:1d720bba7b0466b8843e38b4a1b739d03d27928e529ebdaf29821b99fc2cd234"
  digest: "sha256:e1ed5361a75ffa3db1d09a8a7f60f4b8f9d6f9d9cfde2e2891a8d6a3b4852ec3"

projection:
  input_digest: "sha256:a6e09522f0486d97a3ac2521e3d2e7b88a10ada88ba5b65cf8a60e7053855079"
  output_digest: "sha256:90bb2906d175c324a11f5cf09032d91146c1a98cd7108df515e463396ebf0db8"
  files:
    - path: ".gds/compiled-policy.json"
      digest: "sha256:1dcc915b822fcfaef704a1f21ad1267e4503e07f1ccacd2ab1c7744d05161035"
