# GENERATED FILE - DO NOT EDIT DIRECTLY
schema_version: 1

bundle:
  version: "0.9.7-dev"
  release_sequence: 0
  source_tree_digest: "sha256:6944618359758df76e230e0ba2edc12f342944d25479d445884231d4a3fc8cb1"
  digest: "sha256:36151a718d587392a329af848d459724c589049c0093d9054d2f2f2ec1c5ca4c"

projection:
  input_digest: "sha256:f87070841aebc0d584dfeb565befcff0e158432af68ab4a053c0ffdd61a06cdc"
  output_digest: "sha256:90bb2906d175c324a11f5cf09032d91146c1a98cd7108df515e463396ebf0db8"
  files:
    - path: ".gds/compiled-policy.json"
      digest: "sha256:1dcc915b822fcfaef704a1f21ad1267e4503e07f1ccacd2ab1c7744d05161035"
